// !$*UTF8*$!
{
	archiveVersion = 1;
	classes = {
	};
	objectVersion = 56;
	objects = {

/* Begin PBXBuildFile section */
		CEAE5D132BAA4B4A00070985 /* AppDelegate.swift in Sources */ = {isa = PBXBuildFile; fileRef = CEAE5D122BAA4B4A00070985 /* AppDelegate.swift */; };
		CEAE5D152BAA4B4A00070985 /* SceneDelegate.swift in Sources */ = {isa = PBXBuildFile; fileRef = CEAE5D142BAA4B4A00070985 /* SceneDelegate.swift */; };
		CEAE5D172BAA4B4A00070985 /* ViewController.swift in Sources */ = {isa = PBXBuildFile; fileRef = CEAE5D162BAA4B4A00070985 /* ViewController.swift */; };
		CEAE5D1A2BAA4B4A00070985 /* Main.storyboard in Resources */ = {isa = PBXBuildFile; fileRef = CEAE5D182BAA4B4A00070985 /* Main.storyboard */; };
		CEAE5D1C2BAA4B4C00070985 /* Assets.xcassets in Resources */ = {isa = PBXBuildFile; fileRef = CEAE5D1B2BAA4B4C00070985 /* Assets.xcassets */; };
		CEAE5D1F2BAA4B4C00070985 /* LaunchScreen.storyboard in Resources */ = {isa = PBXBuildFile; fileRef = CEAE5D1D2BAA4B4C00070985 /* LaunchScreen.storyboard */; };
		CEAE5D272BAA56CD00070985 /* AnasayfaViewModel.swift in Sources */ = {isa = PBXBuildFile; fileRef = CEAE5D262BAA56CD00070985 /* AnasayfaViewModel.swift */; };
		CEAE5D2A2BAA5C3E00070985 /* RxBlocking in Frameworks */ = {isa = PBXBuildFile; productRef = CEAE5D292BAA5C3E00070985 /* RxBlocking */; };
		CEAE5D2C2BAA5C3E00070985 /* RxBlocking-Dynamic in Frameworks */ = {isa = PBXBuildFile; productRef = CEAE5D2B2BAA5C3E00070985 /* RxBlocking-Dynamic */; };
		CEAE5D2E2BAA5C3E00070985 /* RxCocoa in Frameworks */ = {isa = PBXBuildFile; productRef = CEAE5D2D2BAA5C3E00070985 /* RxCocoa */; };
		CEAE5D302BAA5C3E00070985 /* RxCocoa-Dynamic in Frameworks */ = {isa = PBXBuildFile; productRef = CEAE5D2F2BAA5C3E00070985 /* RxCocoa-Dynamic */; };
		CEAE5D322BAA5C3E00070985 /* RxRelay in Frameworks */ = {isa = PBXBuildFile; productRef = CEAE5D312BAA5C3E00070985 /* RxRelay */; };
		CEAE5D342BAA5C3E00070985 /* RxRelay-Dynamic in Frameworks */ = {isa = PBXBuildFile; productRef = CEAE5D332BAA5C3E00070985 /* RxRelay-Dynamic */; };
		CEAE5D362BAA5C3E00070985 /* RxSwift in Frameworks */ = {isa = PBXBuildFile; productRef = CEAE5D352BAA5C3E00070985 /* RxSwift */; };
		CEAE5D382BAA5C3E00070985 /* RxSwift-Dynamic in Frameworks */ = {isa = PBXBuildFile; productRef = CEAE5D372BAA5C3E00070985 /* RxSwift-Dynamic */; };
		CEAE5D3E2BAA66D200070985 /* MatematikRepository.swift in Sources */ = {isa = PBXBuildFile; fileRef = CEAE5D3D2BAA66D200070985 /* MatematikRepository.swift */; };
/* End PBXBuildFile section */

/* Begin PBXFileReference section */
		CEAE5D0F2BAA4B4A00070985 /* MVVMKullanimi.app */ = {isa = PBXFileReference; explicitFileType = wrapper.application; includeInIndex = 0; path = MVVMKullanimi.app; sourceTree = BUILT_PRODUCTS_DIR; };
		CEAE5D122BAA4B4A00070985 /* AppDelegate.swift */ = {isa = PBXFileReference; lastKnownFileType = sourcecode.swift; path = AppDelegate.swift; sourceTree = "<group>"; };
		CEAE5D142BAA4B4A00070985 /* SceneDelegate.swift */ = {isa = PBXFileReference; lastKnownFileType = sourcecode.swift; path = SceneDelegate.swift; sourceTree = "<group>"; };
		CEAE5D162BAA4B4A00070985 /* ViewController.swift */ = {isa = PBXFileReference; lastKnownFileType = sourcecode.swift; path = ViewController.swift; sourceTree = "<group>"; };
		CEAE5D192BAA4B4A00070985 /* Base */ = {isa = PBXFileReference; lastKnownFileType = file.storyboard; name = Base; path = Base.lproj/Main.storyboard; sourceTree = "<group>"; };
		CEAE5D1B2BAA4B4C00070985 /* Assets.xcassets */ = {isa = PBXFileReference; lastKnownFileType = folder.assetcatalog; path = Assets.xcassets; sourceTree = "<group>"; };
		CEAE5D1E2BAA4B4C00070985 /* Base */ = {isa = PBXFileReference; lastKnownFileType = file.storyboard; name = Base; path = Base.lproj/LaunchScreen.storyboard; sourceTree = "<group>"; };
		CEAE5D202BAA4B4C00070985 /* Info.plist */ = {isa = PBXFileReference; lastKnownFileType = text.plist.xml; path = Info.plist; sourceTree = "<group>"; };
		CEAE5D262BAA56CD00070985 /* AnasayfaViewModel.swift */ = {isa = PBXFileReference; lastKnownFileType = sourcecode.swift; path = AnasayfaViewModel.swift; sourceTree = "<group>"; };
		CEAE5D3D2BAA66D200070985 /* MatematikRepository.swift */ = {isa = PBXFileReference; lastKnownFileType = sourcecode.swift; path = MatematikRepository.swift; sourceTree = "<group>"; };
/* End PBXFileReference section */

/* Begin PBXFrameworksBuildPhase section */
		CEAE5D0C2BAA4B4A00070985 /* Frameworks */ = {
			isa = PBXFrameworksBuildPhase;
			buildActionMask = 2147483647;
			files = (
				CEAE5D382BAA5C3E00070985 /* RxSwift-Dynamic in Frameworks */,
				CEAE5D322BAA5C3E00070985 /* RxRelay in Frameworks */,
				CEAE5D302BAA5C3E00070985 /* RxCocoa-Dynamic in Frameworks */,
				CEAE5D342BAA5C3E00070985 /* RxRelay-Dynamic in Frameworks */,
				CEAE5D2E2BAA5C3E00070985 /* RxCocoa in Frameworks */,
				CEAE5D2A2BAA5C3E00070985 /* RxBlocking in Frameworks */,
				CEAE5D2C2BAA5C3E00070985 /* RxBlocking-Dynamic in Frameworks */,
				CEAE5D362BAA5C3E00070985 /* RxSwift in Frameworks */,
			);
			runOnlyForDeploymentPostprocessing = 0;
		};
/* End PBXFrameworksBuildPhase section */

/* Begin PBXGroup section */
		CEAE5D062BAA4B4A00070985 = {
			isa = PBXGroup;
			children = (
				CEAE5D112BAA4B4A00070985 /* MVVMKullanimi */,
				CEAE5D102BAA4B4A00070985 /* Products */,
			);
			sourceTree = "<group>";
		};
		CEAE5D102BAA4B4A00070985 /* Products */ = {
			isa = PBXGroup;
			children = (
				CEAE5D0F2BAA4B4A00070985 /* MVVMKullanimi.app */,
			);
			name = Products;
			sourceTree = "<group>";
		};
		CEAE5D112BAA4B4A00070985 /* MVVMKullanimi */ = {
			isa = PBXGroup;
			children = (
				CEAE5D122BAA4B4A00070985 /* AppDelegate.swift */,
				CEAE5D142BAA4B4A00070985 /* SceneDelegate.swift */,
				CEAE5D162BAA4B4A00070985 /* ViewController.swift */,
				CEAE5D262BAA56CD00070985 /* AnasayfaViewModel.swift */,
				CEAE5D3D2BAA66D200070985 /* MatematikRepository.swift */,
				CEAE5D182BAA4B4A00070985 /* Main.storyboard */,
				CEAE5D1B2BAA4B4C00070985 /* Assets.xcassets */,
				CEAE5D1D2BAA4B4C00070985 /* LaunchScreen.storyboard */,
				CEAE5D202BAA4B4C00070985 /* Info.plist */,
			);
			path = MVVMKullanimi;
			sourceTree = "<group>";
		};
/* End PBXGroup section */

/* Begin PBXNativeTarget section */
		CEAE5D0E2BAA4B4A00070985 /* MVVMKullanimi */ = {
			isa = PBXNativeTarget;
			buildConfigurationList = CEAE5D232BAA4B4C00070985 /* Build configuration list for PBXNativeTarget "MVVMKullanimi" */;
			buildPhases = (
				CEAE5D0B2BAA4B4A00070985 /* Sources */,
				CEAE5D0C2BAA4B4A00070985 /* Frameworks */,
				CEAE5D0D2BAA4B4A00070985 /* Resources */,
			);
			buildRules = (
			);
			dependencies = (
			);
			name = MVVMKullanimi;
			packageProductDependencies = (
				CEAE5D292BAA5C3E00070985 /* RxBlocking */,
				CEAE5D2B2BAA5C3E00070985 /* RxBlocking-Dynamic */,
				CEAE5D2D2BAA5C3E00070985 /* RxCocoa */,
				CEAE5D2F2BAA5C3E00070985 /* RxCocoa-Dynamic */,
				CEAE5D312BAA5C3E00070985 /* RxRelay */,
				CEAE5D332BAA5C3E00070985 /* RxRelay-Dynamic */,
				CEAE5D352BAA5C3E00070985 /* RxSwift */,
				CEAE5D372BAA5C3E00070985 /* RxSwift-Dynamic */,
			);
			productName = MVVMKullanimi;
			productReference = CEAE5D0F2BAA4B4A00070985 /* MVVMKullanimi.app */;
			productType = "com.apple.product-type.application";
		};
/* End PBXNativeTarget section */

/* Begin PBXProject section */
		CEAE5D072BAA4B4A00070985 /* Project object */ = {
			isa = PBXProject;
			attributes = {
				BuildIndependentTargetsInParallel = 1;
				LastSwiftUpdateCheck = 1520;
				LastUpgradeCheck = 1520;
				TargetAttributes = {
					CEAE5D0E2BAA4B4A00070985 = {
						CreatedOnToolsVersion = 15.2;
					};
				};
			};
			buildConfigurationList = CEAE5D0A2BAA4B4A00070985 /* Build configuration list for PBXProject "MVVMKullanimi" */;
			compatibilityVersion = "Xcode 14.0";
			developmentRegion = en;
			hasScannedForEncodings = 0;
			knownRegions = (
				en,
				Base,
			);
			mainGroup = CEAE5D062BAA4B4A00070985;
			packageReferences = (
				CEAE5D282BAA5C3E00070985 /* XCRemoteSwiftPackageReference "RxSwift" */,
			);
			productRefGroup = CEAE5D102BAA4B4A00070985 /* Products */;
			projectDirPath = "";
			projectRoot = "";
			targets = (
				CEAE5D0E2BAA4B4A00070985 /* MVVMKullanimi */,
			);
		};
/* End PBXProject section */

/* Begin PBXResourcesBuildPhase section */
		CEAE5D0D2BAA4B4A00070985 /* Resources */ = {
			isa = PBXResourcesBuildPhase;
			buildActionMask = 2147483647;
			files = (
				CEAE5D1F2BAA4B4C00070985 /* LaunchScreen.storyboard in Resources */,
				CEAE5D1C2BAA4B4C00070985 /* Assets.xcassets in Resources */,
				CEAE5D1A2BAA4B4A00070985 /* Main.storyboard in Resources */,
			);
			runOnlyForDeploymentPostprocessing = 0;
		};
/* End PBXResourcesBuildPhase section */

/* Begin PBXSourcesBuildPhase section */
		CEAE5D0B2BAA4B4A00070985 /* Sources */ = {
			isa = PBXSourcesBuildPhase;
			buildActionMask = 2147483647;
			files = (
				CEAE5D172BAA4B4A00070985 /* ViewController.swift in Sources */,
				CEAE5D132BAA4B4A00070985 /* AppDelegate.swift in Sources */,
				CEAE5D272BAA56CD00070985 /* AnasayfaViewModel.swift in Sources */,
				CEAE5D152BAA4B4A00070985 /* SceneDelegate.swift in Sources */,
				CEAE5D3E2BAA66D200070985 /* MatematikRepository.swift in Sources */,
			);
			runOnlyForDeploymentPostprocessing = 0;
		};
/* End PBXSourcesBuildPhase section */

/* Begin PBXVariantGroup section */
		CEAE5D182BAA4B4A00070985 /* Main.storyboard */ = {
			isa = PBXVariantGroup;
			children = (
				CEAE5D192BAA4B4A00070985 /* Base */,
			);
			name = Main.storyboard;
			sourceTree = "<group>";
		};
		CEAE5D1D2BAA4B4C00070985 /* LaunchScreen.storyboard */ = {
			isa = PBXVariantGroup;
			children = (
				CEAE5D1E2BAA4B4C00070985 /* Base */,
			);
			name = LaunchScreen.storyboard;
			sourceTree = "<group>";
		};
/* End PBXVariantGroup section */

/* Begin XCBuildConfiguration section */
		CEAE5D212BAA4B4C00070985 /* Debug */ = {
			isa = XCBuildConfiguration;
			buildSettings = {
				ALWAYS_SEARCH_USER_PATHS = NO;
				ASSETCATALOG_COMPILER_GENERATE_SWIFT_ASSET_SYMBOL_EXTENSIONS = YES;
				CLANG_ANALYZER_NONNULL = YES;
				CLANG_ANALYZER_NUMBER_OBJECT_CONVERSION = YES_AGGRESSIVE;
				CLANG_CXX_LANGUAGE_STANDARD = "gnu++20";
				CLANG_ENABLE_MODULES = YES;
				CLANG_ENABLE_OBJC_ARC = YES;
				CLANG_ENABLE_OBJC_WEAK = YES;
				CLANG_WARN_BLOCK_CAPTURE_AUTORELEASING = YES;
				CLANG_WARN_BOOL_CONVERSION = YES;
				CLANG_WARN_COMMA = YES;
				CLANG_WARN_CONSTANT_CONVERSION = YES;
				CLANG_WARN_DEPRECATED_OBJC_IMPLEMENTATIONS = YES;
				CLANG_WARN_DIRECT_OBJC_ISA_USAGE = YES_ERROR;
				CLANG_WARN_DOCUMENTATION_COMMENTS = YES;
				CLANG_WARN_EMPTY_BODY = YES;
				CLANG_WARN_ENUM_CONVERSION = YES;
				CLANG_WARN_INFINITE_RECURSION = YES;
				CLANG_WARN_INT_CONVERSION = YES;
				CLANG_WARN_NON_LITERAL_NULL_CONVERSION = YES;
				CLANG_WARN_OBJC_IMPLICIT_RETAIN_SELF = YES;
				CLANG_WARN_OBJC_LITERAL_CONVERSION = YES;
				CLANG_WARN_OBJC_ROOT_CLASS = YES_ERROR;
				CLANG_WARN_QUOTED_INCLUDE_IN_FRAMEWORK_HEADER = YES;
				CLANG_WARN_RANGE_LOOP_ANALYSIS = YES;
				CLANG_WARN_STRICT_PROTOTYPES = YES;
				CLANG_WARN_SUSPICIOUS_MOVE = YES;
				CLANG_WARN_UNGUARDED_AVAILABILITY = YES_AGGRESSIVE;
				CLANG_WARN_UNREACHABLE_CODE = YES;
				CLANG_WARN__DUPLICATE_METHOD_MATCH = YES;
				COPY_PHASE_STRIP = NO;
				DEBUG_INFORMATION_FORMAT = dwarf;
				ENABLE_STRICT_OBJC_MSGSEND = YES;
				ENABLE_TESTABILITY = YES;
				ENABLE_USER_SCRIPT_SANDBOXING = YES;
				GCC_C_LANGUAGE_STANDARD = gnu17;
				GCC_DYNAMIC_NO_PIC = NO;
				GCC_NO_COMMON_BLOCKS = YES;
				GCC_OPTIMIZATION_LEVEL = 0;
				GCC_PREPROCESSOR_DEFINITIONS = (
					"DEBUG=1",
					"$(inherited)",
				);
				GCC_WARN_64_TO_32_BIT_CONVERSION = YES;
				GCC_WARN_ABOUT_RETURN_TYPE = YES_ERROR;
				GCC_WARN_UNDECLARED_SELECTOR = YES;
				GCC_WARN_UNINITIALIZED_AUTOS = YES_AGGRESSIVE;
				GCC_WARN_UNUSED_FUNCTION = YES;
				GCC_WARN_UNUSED_VARIABLE = YES;
				IPHONEOS_DEPLOYMENT_TARGET = 17.2;
				LOCALIZATION_PREFERS_STRING_CATALOGS = YES;
				MTL_ENABLE_DEBUG_INFO = INCLUDE_SOURCE;
				MTL_FAST_MATH = YES;
				ONLY_ACTIVE_ARCH = YES;
				SDKROOT = iphoneos;
				SWIFT_ACTIVE_COMPILATION_CONDITIONS = "DEBUG $(inherited)";
				SWIFT_OPTIMIZATION_LEVEL = "-Onone";
			};
			name = Debug;
		};
		CEAE5D222BAA4B4C00070985 /* Release */ = {
			isa = XCBuildConfiguration;
			buildSettings = {
				ALWAYS_SEARCH_USER_PATHS = NO;
				ASSETCATALOG_COMPILER_GENERATE_SWIFT_ASSET_SYMBOL_EXTENSIONS = YES;
				CLANG_ANALYZER_NONNULL = YES;
				CLANG_ANALYZER_NUMBER_OBJECT_CONVERSION = YES_AGGRESSIVE;
				CLANG_CXX_LANGUAGE_STANDARD = "gnu++20";
				CLANG_ENABLE_MODULES = YES;
				CLANG_ENABLE_OBJC_ARC = YES;
				CLANG_ENABLE_OBJC_WEAK = YES;
				CLANG_WARN_BLOCK_CAPTURE_AUTORELEASING = YES;
				CLANG_WARN_BOOL_CONVERSION = YES;
				CLANG_WARN_COMMA = YES;
				CLANG_WARN_CONSTANT_CONVERSION = YES;
				CLANG_WARN_DEPRECATED_OBJC_IMPLEMENTATIONS = YES;
				CLANG_WARN_DIRECT_OBJC_ISA_USAGE = YES_ERROR;
				CLANG_WARN_DOCUMENTATION_COMMENTS = YES;
				CLANG_WARN_EMPTY_BODY = YES;
				CLANG_WARN_ENUM_CONVERSION = YES;
				CLANG_WARN_INFINITE_RECURSION = YES;
				CLANG_WARN_INT_CONVERSION = YES;
				CLANG_WARN_NON_LITERAL_NULL_CONVERSION = YES;
				CLANG_WARN_OBJC_IMPLICIT_RETAIN_SELF = YES;
				CLANG_WARN_OBJC_LITERAL_CONVERSION = YES;
				CLANG_WARN_OBJC_ROOT_CLASS = YES_ERROR;
				CLANG_WARN_QUOTED_INCLUDE_IN_FRAMEWORK_HEADER = YES;
				CLANG_WARN_RANGE_LOOP_ANALYSIS = YES;
				CLANG_WARN_STRICT_PROTOTYPES = YES;
				CLANG_WARN_SUSPICIOUS_MOVE = YES;
				CLANG_WARN_UNGUARDED_AVAILABILITY = YES_AGGRESSIVE;
				CLANG_WARN_UNREACHABLE_CODE = YES;
				CLANG_WARN__DUPLICATE_METHOD_MATCH = YES;
				COPY_PHASE_STRIP = NO;
				DEBUG_INFORMATION_FORMAT = "dwarf-with-dsym";
				ENABLE_NS_ASSERTIONS = NO;
				ENABLE_STRICT_OBJC_MSGSEND = YES;
				ENABLE_USER_SCRIPT_SANDBOXING = YES;
				GCC_C_LANGUAGE_STANDARD = gnu17;
				GCC_NO_COMMON_BLOCKS = YES;
				GCC_WARN_64_TO_32_BIT_CONVERSION = YES;
				GCC_WARN_ABOUT_RETURN_TYPE = YES_ERROR;
				GCC_WARN_UNDECLARED_SELECTOR = YES;
				GCC_WARN_UNINITIALIZED_AUTOS = YES_AGGRESSIVE;
				GCC_WARN_UNUSED_FUNCTION = YES;
				GCC_WARN_UNUSED_VARIABLE = YES;
				IPHONEOS_DEPLOYMENT_TARGET = 17.2;
				LOCALIZATION_PREFERS_STRING_CATALOGS = YES;
				MTL_ENABLE_DEBUG_INFO = NO;
				MTL_FAST_MATH = YES;
				SDKROOT = iphoneos;
				SWIFT_COMPILATION_MODE = wholemodule;
				VALIDATE_PRODUCT = YES;
			};
			name = Release;
		};
		CEAE5D242BAA4B4C00070985 /* Debug */ = {
			isa = XCBuildConfiguration;
			buildSettings = {
				ASSETCATALOG_COMPILER_APPICON_NAME = AppIcon;
				ASSETCATALOG_COMPILER_GLOBAL_ACCENT_COLOR_NAME = AccentColor;
				CODE_SIGN_STYLE = Automatic;
				CURRENT_PROJECT_VERSION = 1;
				GENERATE_INFOPLIST_FILE = YES;
				INFOPLIST_FILE = MVVMKullanimi/Info.plist;
				INFOPLIST_KEY_UIApplicationSupportsIndirectInputEvents = YES;
				INFOPLIST_KEY_UILaunchStoryboardName = LaunchScreen;
				INFOPLIST_KEY_UIMainStoryboardFile = Main;
				INFOPLIST_KEY_UISupportedInterfaceOrientations_iPad = "UIInterfaceOrientationPortrait UIInterfaceOrientationPortraitUpsideDown UIInterfaceOrientationLandscapeLeft UIInterfaceOrientationLandscapeRight";
				INFOPLIST_KEY_UISupportedInterfaceOrientations_iPhone = "UIInterfaceOrientationPortrait UIInterfaceOrientationLandscapeLeft UIInterfaceOrientationLandscapeRight";
				LD_RUNPATH_SEARCH_PATHS = (
					"$(inherited)",
					"@executable_path/Frameworks",
				);
				MARKETING_VERSION = 1.0;
				PRODUCT_BUNDLE_IDENTIFIER = com.muhammet.MVVMKullanimi;
				PRODUCT_NAME = "$(TARGET_NAME)";
				SWIFT_EMIT_LOC_STRINGS = YES;
				SWIFT_VERSION = 5.0;
				TARGETED_DEVICE_FAMILY = "1,2";
			};
			name = Debug;
		};
		CEAE5D252BAA4B4C00070985 /* Release */ = {
			isa = XCBuildConfiguration;
			buildSettings = {
				ASSETCATALOG_COMPILER_APPICON_NAME = AppIcon;
				ASSETCATALOG_COMPILER_GLOBAL_ACCENT_COLOR_NAME = AccentColor;
				CODE_SIGN_STYLE = Automatic;
				CURRENT_PROJECT_VERSION = 1;
				GENERATE_INFOPLIST_FILE = YES;
				INFOPLIST_FILE = MVVMKullanimi/Info.plist;
				INFOPLIST_KEY_UIApplicationSupportsIndirectInputEvents = YES;
				INFOPLIST_KEY_UILaunchStoryboardName = LaunchScreen;
				INFOPLIST_KEY_UIMainStoryboardFile = Main;
				INFOPLIST_KEY_UISupportedInterfaceOrientations_iPad = "UIInterfaceOrientationPortrait UIInterfaceOrientationPortraitUpsideDown UIInterfaceOrientationLandscapeLeft UIInterfaceOrientationLandscapeRight";
				INFOPLIST_KEY_UISupportedInterfaceOrientations_iPhone = "UIInterfaceOrientationPortrait UIInterfaceOrientationLandscapeLeft UIInterfaceOrientationLandscapeRight";
				LD_RUNPATH_SEARCH_PATHS = (
					"$(inherited)",
					"@executable_path/Frameworks",
				);
				MARKETING_VERSION = 1.0;
				PRODUCT_BUNDLE_IDENTIFIER = com.muhammet.MVVMKullanimi;
				PRODUCT_NAME = "$(TARGET_NAME)";
				SWIFT_EMIT_LOC_STRINGS = YES;
				SWIFT_VERSION = 5.0;
				TARGETED_DEVICE_FAMILY = "1,2";
			};
			name = Release;
		};
/* End XCBuildConfiguration section */

/* Begin XCConfigurationList section */
		CEAE5D0A2BAA4B4A00070985 /* Build configuration list for PBXProject "MVVMKullanimi" */ = {
			isa = XCConfigurationList;
			buildConfigurations = (
				CEAE5D212BAA4B4C00070985 /* Debug */,
				CEAE5D222BAA4B4C00070985 /* Release */,
			);
			defaultConfigurationIsVisible = 0;
			defaultConfigurationName = Release;
		};
		CEAE5D232BAA4B4C00070985 /* Build configuration list for PBXNativeTarget "MVVMKullanimi" */ = {
			isa = XCConfigurationList;
			buildConfigurations = (
				CEAE5D242BAA4B4C00070985 /* Debug */,
				CEAE5D252BAA4B4C00070985 /* Release */,
			);
			defaultConfigurationIsVisible = 0;
			defaultConfigurationName = Release;
		};
/* End XCConfigurationList section */

/* Begin XCRemoteSwiftPackageReference section */
		CEAE5D282BAA5C3E00070985 /* XCRemoteSwiftPackageReference "RxSwift" */ = {
			isa = XCRemoteSwiftPackageReference;
			repositoryURL = "https://github.com/ReactiveX/RxSwift.git";
			requirement = {
				kind = upToNextMajorVersion;
				minimumVersion = 6.6.0;
			};
		};
/* End XCRemoteSwiftPackageReference section */

/* Begin XCSwiftPackageProductDependency section */
		CEAE5D292BAA5C3E00070985 /* RxBlocking */ = {
			isa = XCSwiftPackageProductDependency;
			package = CEAE5D282BAA5C3E00070985 /* XCRemoteSwiftPackageReference "RxSwift" */;
			productName = RxBlocking;
		};
		CEAE5D2B2BAA5C3E00070985 /* RxBlocking-Dynamic */ = {
			isa = XCSwiftPackageProductDependency;
			package = CEAE5D282BAA5C3E00070985 /* XCRemoteSwiftPackageReference "RxSwift" */;
			productName = "RxBlocking-Dynamic";
		};
		CEAE5D2D2BAA5C3E00070985 /* RxCocoa */ = {
			isa = XCSwiftPackageProductDependency;
			package = CEAE5D282BAA5C3E00070985 /* XCRemoteSwiftPackageReference "RxSwift" */;
			productName = RxCocoa;
		};
		CEAE5D2F2BAA5C3E00070985 /* RxCocoa-Dynamic */ = {
			isa = XCSwiftPackageProductDependency;
			package = CEAE5D282BAA5C3E00070985 /* XCRemoteSwiftPackageReference "RxSwift" */;
			productName = "RxCocoa-Dynamic";
		};
		CEAE5D312BAA5C3E00070985 /* RxRelay */ = {
			isa = XCSwiftPackageProductDependency;
			package = CEAE5D282BAA5C3E00070985 /* XCRemoteSwiftPackageReference "RxSwift" */;
			productName = RxRelay;
		};
		CEAE5D332BAA5C3E00070985 /* RxRelay-Dynamic */ = {
			isa = XCSwiftPackageProductDependency;
			package = CEAE5D282BAA5C3E00070985 /* XCRemoteSwiftPackageReference "RxSwift" */;
			productName = "RxRelay-Dynamic";
		};
		CEAE5D352BAA5C3E00070985 /* RxSwift */ = {
			isa = XCSwiftPackageProductDependency;
			package = CEAE5D282BAA5C3E00070985 /* XCRemoteSwiftPackageReference "RxSwift" */;
			productName = RxSwift;
		};
		CEAE5D372BAA5C3E00070985 /* RxSwift-Dynamic */ = {
			isa = XCSwiftPackageProductDependency;
			package = CEAE5D282BAA5C3E00070985 /* XCRemoteSwiftPackageReference "RxSwift" */;
			productName = "RxSwift-Dynamic";
		};
/* End XCSwiftPackageProductDependency section */
	};
	rootObject = CEAE5D072BAA4B4A00070985 /* Project object */;
}
