// !$*UTF8*$!
{
	archiveVersion = 1;
	classes = {
	};
	objectVersion = 56;
	objects = {

/* Begin PBXBuildFile section */
		CEF57A052BA2667900F12166 /* AppDelegate.swift in Sources */ = {isa = PBXBuildFile; fileRef = CEF57A042BA2667900F12166 /* AppDelegate.swift */; };
		CEF57A072BA2667900F12166 /* SceneDelegate.swift in Sources */ = {isa = PBXBuildFile; fileRef = CEF57A062BA2667900F12166 /* SceneDelegate.swift */; };
		CEF57A092BA2667900F12166 /* Anasayfa.swift in Sources */ = {isa = PBXBuildFile; fileRef = CEF57A082BA2667900F12166 /* Anasayfa.swift */; };
		CEF57A0C2BA2667900F12166 /* Main.storyboard in Resources */ = {isa = PBXBuildFile; fileRef = CEF57A0A2BA2667900F12166 /* Main.storyboard */; };
		CEF57A0E2BA2667A00F12166 /* Assets.xcassets in Resources */ = {isa = PBXBuildFile; fileRef = CEF57A0D2BA2667A00F12166 /* Assets.xcassets */; };
		CEF57A112BA2667A00F12166 /* LaunchScreen.storyboard in Resources */ = {isa = PBXBuildFile; fileRef = CEF57A0F2BA2667A00F12166 /* LaunchScreen.storyboard */; };
		CEF57A1E2BA26A3900F12166 /* Filmler.swift in Sources */ = {isa = PBXBuildFile; fileRef = CEF57A1D2BA26A3900F12166 /* Filmler.swift */; };
		CEF57A202BA26CA500F12166 /* DetaySayfa.swift in Sources */ = {isa = PBXBuildFile; fileRef = CEF57A1F2BA26CA500F12166 /* DetaySayfa.swift */; };
		CEF57A242BA2741900F12166 /* FilmlerHucre.swift in Sources */ = {isa = PBXBuildFile; fileRef = CEF57A232BA2741900F12166 /* FilmlerHucre.swift */; };
/* End PBXBuildFile section */

/* Begin PBXFileReference section */
		CEF57A012BA2667900F12166 /* FilmlerApp.app */ = {isa = PBXFileReference; explicitFileType = wrapper.application; includeInIndex = 0; path = FilmlerApp.app; sourceTree = BUILT_PRODUCTS_DIR; };
		CEF57A042BA2667900F12166 /* AppDelegate.swift */ = {isa = PBXFileReference; lastKnownFileType = sourcecode.swift; path = AppDelegate.swift; sourceTree = "<group>"; };
		CEF57A062BA2667900F12166 /* SceneDelegate.swift */ = {isa = PBXFileReference; lastKnownFileType = sourcecode.swift; path = SceneDelegate.swift; sourceTree = "<group>"; };
		CEF57A082BA2667900F12166 /* Anasayfa.swift */ = {isa = PBXFileReference; lastKnownFileType = sourcecode.swift; path = Anasayfa.swift; sourceTree = "<group>"; };
		CEF57A0B2BA2667900F12166 /* Base */ = {isa = PBXFileReference; lastKnownFileType = file.storyboard; name = Base; path = Base.lproj/Main.storyboard; sourceTree = "<group>"; };
		CEF57A0D2BA2667A00F12166 /* Assets.xcassets */ = {isa = PBXFileReference; lastKnownFileType = folder.assetcatalog; path = Assets.xcassets; sourceTree = "<group>"; };
		CEF57A102BA2667A00F12166 /* Base */ = {isa = PBXFileReference; lastKnownFileType = file.storyboard; name = Base; path = Base.lproj/LaunchScreen.storyboard; sourceTree = "<group>"; };
		CEF57A122BA2667A00F12166 /* Info.plist */ = {isa = PBXFileReference; lastKnownFileType = text.plist.xml; path = Info.plist; sourceTree = "<group>"; };
		CEF57A1D2BA26A3900F12166 /* Filmler.swift */ = {isa = PBXFileReference; lastKnownFileType = sourcecode.swift; path = Filmler.swift; sourceTree = "<group>"; };
		CEF57A1F2BA26CA500F12166 /* DetaySayfa.swift */ = {isa = PBXFileReference; lastKnownFileType = sourcecode.swift; path = DetaySayfa.swift; sourceTree = "<group>"; };
		CEF57A232BA2741900F12166 /* FilmlerHucre.swift */ = {isa = PBXFileReference; lastKnownFileType = sourcecode.swift; path = FilmlerHucre.swift; sourceTree = "<group>"; };
/* End PBXFileReference section */

/* Begin PBXFrameworksBuildPhase section */
		CEF579FE2BA2667900F12166 /* Frameworks */ = {
			isa = PBXFrameworksBuildPhase;
			buildActionMask = 2147483647;
			files = (
			);
			runOnlyForDeploymentPostprocessing = 0;
		};
/* End PBXFrameworksBuildPhase section */

/* Begin PBXGroup section */
		CEF579F82BA2667900F12166 = {
			isa = PBXGroup;
			children = (
				CEF57A032BA2667900F12166 /* FilmlerApp */,
				CEF57A022BA2667900F12166 /* Products */,
			);
			sourceTree = "<group>";
		};
		CEF57A022BA2667900F12166 /* Products */ = {
			isa = PBXGroup;
			children = (
				CEF57A012BA2667900F12166 /* FilmlerApp.app */,
			);
			name = Products;
			sourceTree = "<group>";
		};
		CEF57A032BA2667900F12166 /* FilmlerApp */ = {
			isa = PBXGroup;
			children = (
				CEF57A042BA2667900F12166 /* AppDelegate.swift */,
				CEF57A062BA2667900F12166 /* SceneDelegate.swift */,
				CEF57A192BA2671A00F12166 /* ui */,
				CEF57A182BA266F000F12166 /* data */,
				CEF57A0A2BA2667900F12166 /* Main.storyboard */,
				CEF57A0D2BA2667A00F12166 /* Assets.xcassets */,
				CEF57A0F2BA2667A00F12166 /* LaunchScreen.storyboard */,
				CEF57A122BA2667A00F12166 /* Info.plist */,
			);
			path = FilmlerApp;
			sourceTree = "<group>";
		};
		CEF57A182BA266F000F12166 /* data */ = {
			isa = PBXGroup;
			children = (
				CEF57A1B2BA2693C00F12166 /* entitiy */,
			);
			path = data;
			sourceTree = "<group>";
		};
		CEF57A192BA2671A00F12166 /* ui */ = {
			isa = PBXGroup;
			children = (
				CEF57A1C2BA2695E00F12166 /* tableview */,
				CEF57A1A2BA2691500F12166 /* views */,
			);
			path = ui;
			sourceTree = "<group>";
		};
		CEF57A1A2BA2691500F12166 /* views */ = {
			isa = PBXGroup;
			children = (
				CEF57A082BA2667900F12166 /* Anasayfa.swift */,
				CEF57A1F2BA26CA500F12166 /* DetaySayfa.swift */,
			);
			path = views;
			sourceTree = "<group>";
		};
		CEF57A1B2BA2693C00F12166 /* entitiy */ = {
			isa = PBXGroup;
			children = (
				CEF57A1D2BA26A3900F12166 /* Filmler.swift */,
			);
			path = entitiy;
			sourceTree = "<group>";
		};
		CEF57A1C2BA2695E00F12166 /* tableview */ = {
			isa = PBXGroup;
			children = (
				CEF57A232BA2741900F12166 /* FilmlerHucre.swift */,
			);
			path = tableview;
			sourceTree = "<group>";
		};
/* End PBXGroup section */

/* Begin PBXNativeTarget section */
		CEF57A002BA2667900F12166 /* FilmlerApp */ = {
			isa = PBXNativeTarget;
			buildConfigurationList = CEF57A152BA2667A00F12166 /* Build configuration list for PBXNativeTarget "FilmlerApp" */;
			buildPhases = (
				CEF579FD2BA2667900F12166 /* Sources */,
				CEF579FE2BA2667900F12166 /* Frameworks */,
				CEF579FF2BA2667900F12166 /* Resources */,
			);
			buildRules = (
			);
			dependencies = (
			);
			name = FilmlerApp;
			productName = FilmlerApp;
			productReference = CEF57A012BA2667900F12166 /* FilmlerApp.app */;
			productType = "com.apple.product-type.application";
		};
/* End PBXNativeTarget section */

/* Begin PBXProject section */
		CEF579F92BA2667900F12166 /* Project object */ = {
			isa = PBXProject;
			attributes = {
				BuildIndependentTargetsInParallel = 1;
				LastSwiftUpdateCheck = 1520;
				LastUpgradeCheck = 1520;
				TargetAttributes = {
					CEF57A002BA2667900F12166 = {
						CreatedOnToolsVersion = 15.2;
					};
				};
			};
			buildConfigurationList = CEF579FC2BA2667900F12166 /* Build configuration list for PBXProject "FilmlerApp" */;
			compatibilityVersion = "Xcode 14.0";
			developmentRegion = en;
			hasScannedForEncodings = 0;
			knownRegions = (
				en,
				Base,
			);
			mainGroup = CEF579F82BA2667900F12166;
			productRefGroup = CEF57A022BA2667900F12166 /* Products */;
			projectDirPath = "";
			projectRoot = "";
			targets = (
				CEF57A002BA2667900F12166 /* FilmlerApp */,
			);
		};
/* End PBXProject section */

/* Begin PBXResourcesBuildPhase section */
		CEF579FF2BA2667900F12166 /* Resources */ = {
			isa = PBXResourcesBuildPhase;
			buildActionMask = 2147483647;
			files = (
				CEF57A112BA2667A00F12166 /* LaunchScreen.storyboard in Resources */,
				CEF57A0E2BA2667A00F12166 /* Assets.xcassets in Resources */,
				CEF57A0C2BA2667900F12166 /* Main.storyboard in Resources */,
			);
			runOnlyForDeploymentPostprocessing = 0;
		};
/* End PBXResourcesBuildPhase section */

/* Begin PBXSourcesBuildPhase section */
		CEF579FD2BA2667900F12166 /* Sources */ = {
			isa = PBXSourcesBuildPhase;
			buildActionMask = 2147483647;
			files = (
				CEF57A092BA2667900F12166 /* Anasayfa.swift in Sources */,
				CEF57A052BA2667900F12166 /* AppDelegate.swift in Sources */,
				CEF57A072BA2667900F12166 /* SceneDelegate.swift in Sources */,
				CEF57A202BA26CA500F12166 /* DetaySayfa.swift in Sources */,
				CEF57A1E2BA26A3900F12166 /* Filmler.swift in Sources */,
				CEF57A242BA2741900F12166 /* FilmlerHucre.swift in Sources */,
			);
			runOnlyForDeploymentPostprocessing = 0;
		};
/* End PBXSourcesBuildPhase section */

/* Begin PBXVariantGroup section */
		CEF57A0A2BA2667900F12166 /* Main.storyboard */ = {
			isa = PBXVariantGroup;
			children = (
				CEF57A0B2BA2667900F12166 /* Base */,
			);
			name = Main.storyboard;
			sourceTree = "<group>";
		};
		CEF57A0F2BA2667A00F12166 /* LaunchScreen.storyboard */ = {
			isa = PBXVariantGroup;
			children = (
				CEF57A102BA2667A00F12166 /* Base */,
			);
			name = LaunchScreen.storyboard;
			sourceTree = "<group>";
		};
/* End PBXVariantGroup section */

/* Begin XCBuildConfiguration section */
		CEF57A132BA2667A00F12166 /* Debug */ = {
			isa = XCBuildConfiguration;
			buildSettings = {
				ALWAYS_SEARCH_USER_PATHS = NO;
				ASSETCATALOG_COMPILER_GENERATE_SWIFT_ASSET_SYMBOL_EXTENSIONS = YES;
				CLANG_ANALYZER_NONNULL = YES;
				CLANG_ANALYZER_NUMBER_OBJECT_CONVERSION = YES_AGGRESSIVE;
				CLANG_CXX_LANGUAGE_STANDARD = "gnu++20";
				CLANG_ENABLE_MODULES = YES;
				CLANG_ENABLE_OBJC_ARC = YES;
				CLANG_ENABLE_OBJC_WEAK = YES;
				CLANG_WARN_BLOCK_CAPTURE_AUTORELEASING = YES;
				CLANG_WARN_BOOL_CONVERSION = YES;
				CLANG_WARN_COMMA = YES;
				CLANG_WARN_CONSTANT_CONVERSION = YES;
				CLANG_WARN_DEPRECATED_OBJC_IMPLEMENTATIONS = YES;
				CLANG_WARN_DIRECT_OBJC_ISA_USAGE = YES_ERROR;
				CLANG_WARN_DOCUMENTATION_COMMENTS = YES;
				CLANG_WARN_EMPTY_BODY = YES;
				CLANG_WARN_ENUM_CONVERSION = YES;
				CLANG_WARN_INFINITE_RECURSION = YES;
				CLANG_WARN_INT_CONVERSION = YES;
				CLANG_WARN_NON_LITERAL_NULL_CONVERSION = YES;
				CLANG_WARN_OBJC_IMPLICIT_RETAIN_SELF = YES;
				CLANG_WARN_OBJC_LITERAL_CONVERSION = YES;
				CLANG_WARN_OBJC_ROOT_CLASS = YES_ERROR;
				CLANG_WARN_QUOTED_INCLUDE_IN_FRAMEWORK_HEADER = YES;
				CLANG_WARN_RANGE_LOOP_ANALYSIS = YES;
				CLANG_WARN_STRICT_PROTOTYPES = YES;
				CLANG_WARN_SUSPICIOUS_MOVE = YES;
				CLANG_WARN_UNGUARDED_AVAILABILITY = YES_AGGRESSIVE;
				CLANG_WARN_UNREACHABLE_CODE = YES;
				CLANG_WARN__DUPLICATE_METHOD_MATCH = YES;
				COPY_PHASE_STRIP = NO;
				DEBUG_INFORMATION_FORMAT = dwarf;
				ENABLE_STRICT_OBJC_MSGSEND = YES;
				ENABLE_TESTABILITY = YES;
				ENABLE_USER_SCRIPT_SANDBOXING = YES;
				GCC_C_LANGUAGE_STANDARD = gnu17;
				GCC_DYNAMIC_NO_PIC = NO;
				GCC_NO_COMMON_BLOCKS = YES;
				GCC_OPTIMIZATION_LEVEL = 0;
				GCC_PREPROCESSOR_DEFINITIONS = (
					"DEBUG=1",
					"$(inherited)",
				);
				GCC_WARN_64_TO_32_BIT_CONVERSION = YES;
				GCC_WARN_ABOUT_RETURN_TYPE = YES_ERROR;
				GCC_WARN_UNDECLARED_SELECTOR = YES;
				GCC_WARN_UNINITIALIZED_AUTOS = YES_AGGRESSIVE;
				GCC_WARN_UNUSED_FUNCTION = YES;
				GCC_WARN_UNUSED_VARIABLE = YES;
				IPHONEOS_DEPLOYMENT_TARGET = 17.2;
				LOCALIZATION_PREFERS_STRING_CATALOGS = YES;
				MTL_ENABLE_DEBUG_INFO = INCLUDE_SOURCE;
				MTL_FAST_MATH = YES;
				ONLY_ACTIVE_ARCH = YES;
				SDKROOT = iphoneos;
				SWIFT_ACTIVE_COMPILATION_CONDITIONS = "DEBUG $(inherited)";
				SWIFT_OPTIMIZATION_LEVEL = "-Onone";
			};
			name = Debug;
		};
		CEF57A142BA2667A00F12166 /* Release */ = {
			isa = XCBuildConfiguration;
			buildSettings = {
				ALWAYS_SEARCH_USER_PATHS = NO;
				ASSETCATALOG_COMPILER_GENERATE_SWIFT_ASSET_SYMBOL_EXTENSIONS = YES;
				CLANG_ANALYZER_NONNULL = YES;
				CLANG_ANALYZER_NUMBER_OBJECT_CONVERSION = YES_AGGRESSIVE;
				CLANG_CXX_LANGUAGE_STANDARD = "gnu++20";
				CLANG_ENABLE_MODULES = YES;
				CLANG_ENABLE_OBJC_ARC = YES;
				CLANG_ENABLE_OBJC_WEAK = YES;
				CLANG_WARN_BLOCK_CAPTURE_AUTORELEASING = YES;
				CLANG_WARN_BOOL_CONVERSION = YES;
				CLANG_WARN_COMMA = YES;
				CLANG_WARN_CONSTANT_CONVERSION = YES;
				CLANG_WARN_DEPRECATED_OBJC_IMPLEMENTATIONS = YES;
				CLANG_WARN_DIRECT_OBJC_ISA_USAGE = YES_ERROR;
				CLANG_WARN_DOCUMENTATION_COMMENTS = YES;
				CLANG_WARN_EMPTY_BODY = YES;
				CLANG_WARN_ENUM_CONVERSION = YES;
				CLANG_WARN_INFINITE_RECURSION = YES;
				CLANG_WARN_INT_CONVERSION = YES;
				CLANG_WARN_NON_LITERAL_NULL_CONVERSION = YES;
				CLANG_WARN_OBJC_IMPLICIT_RETAIN_SELF = YES;
				CLANG_WARN_OBJC_LITERAL_CONVERSION = YES;
				CLANG_WARN_OBJC_ROOT_CLASS = YES_ERROR;
				CLANG_WARN_QUOTED_INCLUDE_IN_FRAMEWORK_HEADER = YES;
				CLANG_WARN_RANGE_LOOP_ANALYSIS = YES;
				CLANG_WARN_STRICT_PROTOTYPES = YES;
				CLANG_WARN_SUSPICIOUS_MOVE = YES;
				CLANG_WARN_UNGUARDED_AVAILABILITY = YES_AGGRESSIVE;
				CLANG_WARN_UNREACHABLE_CODE = YES;
				CLANG_WARN__DUPLICATE_METHOD_MATCH = YES;
				COPY_PHASE_STRIP = NO;
				DEBUG_INFORMATION_FORMAT = "dwarf-with-dsym";
				ENABLE_NS_ASSERTIONS = NO;
				ENABLE_STRICT_OBJC_MSGSEND = YES;
				ENABLE_USER_SCRIPT_SANDBOXING = YES;
				GCC_C_LANGUAGE_STANDARD = gnu17;
				GCC_NO_COMMON_BLOCKS = YES;
				GCC_WARN_64_TO_32_BIT_CONVERSION = YES;
				GCC_WARN_ABOUT_RETURN_TYPE = YES_ERROR;
				GCC_WARN_UNDECLARED_SELECTOR = YES;
				GCC_WARN_UNINITIALIZED_AUTOS = YES_AGGRESSIVE;
				GCC_WARN_UNUSED_FUNCTION = YES;
				GCC_WARN_UNUSED_VARIABLE = YES;
				IPHONEOS_DEPLOYMENT_TARGET = 17.2;
				LOCALIZATION_PREFERS_STRING_CATALOGS = YES;
				MTL_ENABLE_DEBUG_INFO = NO;
				MTL_FAST_MATH = YES;
				SDKROOT = iphoneos;
				SWIFT_COMPILATION_MODE = wholemodule;
				VALIDATE_PRODUCT = YES;
			};
			name = Release;
		};
		CEF57A162BA2667A00F12166 /* Debug */ = {
			isa = XCBuildConfiguration;
			buildSettings = {
				ASSETCATALOG_COMPILER_APPICON_NAME = AppIcon;
				ASSETCATALOG_COMPILER_GLOBAL_ACCENT_COLOR_NAME = AccentColor;
				CODE_SIGN_STYLE = Automatic;
				CURRENT_PROJECT_VERSION = 1;
				GENERATE_INFOPLIST_FILE = YES;
				INFOPLIST_FILE = FilmlerApp/Info.plist;
				INFOPLIST_KEY_UIApplicationSupportsIndirectInputEvents = YES;
				INFOPLIST_KEY_UILaunchStoryboardName = LaunchScreen;
				INFOPLIST_KEY_UIMainStoryboardFile = Main;
				INFOPLIST_KEY_UISupportedInterfaceOrientations_iPad = "UIInterfaceOrientationPortrait UIInterfaceOrientationPortraitUpsideDown UIInterfaceOrientationLandscapeLeft UIInterfaceOrientationLandscapeRight";
				INFOPLIST_KEY_UISupportedInterfaceOrientations_iPhone = "UIInterfaceOrientationPortrait UIInterfaceOrientationLandscapeLeft UIInterfaceOrientationLandscapeRight";
				LD_RUNPATH_SEARCH_PATHS = (
					"$(inherited)",
					"@executable_path/Frameworks",
				);
				MARKETING_VERSION = 1.0;
				PRODUCT_BUNDLE_IDENTIFIER = com.muhammet.FilmlerApp;
				PRODUCT_NAME = "$(TARGET_NAME)";
				SWIFT_EMIT_LOC_STRINGS = YES;
				SWIFT_VERSION = 5.0;
				TARGETED_DEVICE_FAMILY = "1,2";
			};
			name = Debug;
		};
		CEF57A172BA2667A00F12166 /* Release */ = {
			isa = XCBuildConfiguration;
			buildSettings = {
				ASSETCATALOG_COMPILER_APPICON_NAME = AppIcon;
				ASSETCATALOG_COMPILER_GLOBAL_ACCENT_COLOR_NAME = AccentColor;
				CODE_SIGN_STYLE = Automatic;
				CURRENT_PROJECT_VERSION = 1;
				GENERATE_INFOPLIST_FILE = YES;
				INFOPLIST_FILE = FilmlerApp/Info.plist;
				INFOPLIST_KEY_UIApplicationSupportsIndirectInputEvents = YES;
				INFOPLIST_KEY_UILaunchStoryboardName = LaunchScreen;
				INFOPLIST_KEY_UIMainStoryboardFile = Main;
				INFOPLIST_KEY_UISupportedInterfaceOrientations_iPad = "UIInterfaceOrientationPortrait UIInterfaceOrientationPortraitUpsideDown UIInterfaceOrientationLandscapeLeft UIInterfaceOrientationLandscapeRight";
				INFOPLIST_KEY_UISupportedInterfaceOrientations_iPhone = "UIInterfaceOrientationPortrait UIInterfaceOrientationLandscapeLeft UIInterfaceOrientationLandscapeRight";
				LD_RUNPATH_SEARCH_PATHS = (
					"$(inherited)",
					"@executable_path/Frameworks",
				);
				MARKETING_VERSION = 1.0;
				PRODUCT_BUNDLE_IDENTIFIER = com.muhammet.FilmlerApp;
				PRODUCT_NAME = "$(TARGET_NAME)";
				SWIFT_EMIT_LOC_STRINGS = YES;
				SWIFT_VERSION = 5.0;
				TARGETED_DEVICE_FAMILY = "1,2";
			};
			name = Release;
		};
/* End XCBuildConfiguration section */

/* Begin XCConfigurationList section */
		CEF579FC2BA2667900F12166 /* Build configuration list for PBXProject "FilmlerApp" */ = {
			isa = XCConfigurationList;
			buildConfigurations = (
				CEF57A132BA2667A00F12166 /* Debug */,
				CEF57A142BA2667A00F12166 /* Release */,
			);
			defaultConfigurationIsVisible = 0;
			defaultConfigurationName = Release;
		};
		CEF57A152BA2667A00F12166 /* Build configuration list for PBXNativeTarget "FilmlerApp" */ = {
			isa = XCConfigurationList;
			buildConfigurations = (
				CEF57A162BA2667A00F12166 /* Debug */,
				CEF57A172BA2667A00F12166 /* Release */,
			);
			defaultConfigurationIsVisible = 0;
			defaultConfigurationName = Release;
		};
/* End XCConfigurationList section */
	};
	rootObject = CEF579F92BA2667900F12166 /* Project object */;
}
